
Microsoft Visual Studio Solution File, Format Version 12.00
# Visual Studio Version 16
VisualStudioVersion = 16.0.31005.135
MinimumVisualStudioVersion = 10.0.40219.1
Project("{FAE04EC0-301F-11D3-BF4B-00C04F79EFBC}") = "grad_radian", "grad_radian\grad_radian.csproj", "{2B88D924-F283-4AAB-8FBE-D04BBD73E182}"
EndProject
Global
	GlobalSection(SolutionConfigurationPlatforms) = preSolution
		Debug|Any CPU = Debug|Any CPU
		Release|Any CPU = Release|Any CPU
	EndGlobalSection
	GlobalSection(ProjectConfigurationPlatforms) = postSolution
		{2B88D924-F283-4AAB-8FBE-D04BBD73E182}.Debug|Any CPU.ActiveCfg = Debug|Any CPU
		{2B88D924-F283-4AAB-8FBE-D04BBD73E182}.Debug|Any CPU.Build.0 = Debug|Any CPU
		{2B88D924-F283-4AAB-8FBE-D04BBD73E182}.Release|Any CPU.ActiveCfg = Release|Any CPU
		{2B88D924-F283-4AAB-8FBE-D04BBD73E182}.Release|Any CPU.Build.0 = Release|Any CPU
	EndGlobalSection
	GlobalSection(SolutionProperties) = preSolution
		HideSolutionNode = FALSE
	EndGlobalSection
	GlobalSection(ExtensibilityGlobals) = postSolution
		SolutionGuid = {6170E475-4B75-4D3A-9D73-75F269EE7AA4}
	EndGlobalSection
EndGlobal
